
Microsoft Visual Studio Solution File, Format Version 12.00
# Visual Studio 15
Project("{FAE04EC0-301F-11D3-BF4B-00C04F79EFBC}") = "Assembly-CSharp", "Assembly-CSharp.csproj", "{E3D9DB01-1519-D240-D7CA-17D9A25DF672}"
EndProject
Project("{FAE04EC0-301F-11D3-BF4B-00C04F79EFBC}") = "Oculus.VR", "Oculus.VR.csproj", "{C9F2BDED-8F17-AC3F-A8DF-E1F63C72E008}"
EndProject
Project("{FAE04EC0-301F-11D3-BF4B-00C04F79EFBC}") = "Assembly-CSharp-Editor", "Assembly-CSharp-Editor.csproj", "{2B42A79A-3E4B-CF7F-7512-52E553CDD49B}"
EndProject
Project("{FAE04EC0-301F-11D3-BF4B-00C04F79EFBC}") = "Oculus.VR.Scripts.Editor", "Oculus.VR.Scripts.Editor.csproj", "{D16EE1D7-4DE6-400A-BE13-9502B4D15621}"
EndProject
Project("{FAE04EC0-301F-11D3-BF4B-00C04F79EFBC}") = "Oculus.VR.Editor", "Oculus.VR.Editor.csproj", "{2151FA2D-AE1C-C741-C3F6-F2A7C69231A5}"
EndProject
Global
	GlobalSection(SolutionConfigurationPlatforms) = preSolution
		Debug|Any CPU = Debug|Any CPU
		Release|Any CPU = Release|Any CPU
	EndGlobalSection
	GlobalSection(ProjectConfigurationPlatforms) = postSolution
		{E3D9DB01-1519-D240-D7CA-17D9A25DF672}.Debug|Any CPU.ActiveCfg = Debug|Any CPU
		{E3D9DB01-1519-D240-D7CA-17D9A25DF672}.Debug|Any CPU.Build.0 = Debug|Any CPU
		{E3D9DB01-1519-D240-D7CA-17D9A25DF672}.Release|Any CPU.ActiveCfg = Release|Any CPU
		{E3D9DB01-1519-D240-D7CA-17D9A25DF672}.Release|Any CPU.Build.0 = Release|Any CPU
		{C9F2BDED-8F17-AC3F-A8DF-E1F63C72E008}.Debug|Any CPU.ActiveCfg = Debug|Any CPU
		{C9F2BDED-8F17-AC3F-A8DF-E1F63C72E008}.Debug|Any CPU.Build.0 = Debug|Any CPU
		{C9F2BDED-8F17-AC3F-A8DF-E1F63C72E008}.Release|Any CPU.ActiveCfg = Release|Any CPU
		{C9F2BDED-8F17-AC3F-A8DF-E1F63C72E008}.Release|Any CPU.Build.0 = Release|Any CPU
		{2B42A79A-3E4B-CF7F-7512-52E553CDD49B}.Debug|Any CPU.ActiveCfg = Debug|Any CPU
		{2B42A79A-3E4B-CF7F-7512-52E553CDD49B}.Debug|Any CPU.Build.0 = Debug|Any CPU
		{2B42A79A-3E4B-CF7F-7512-52E553CDD49B}.Release|Any CPU.ActiveCfg = Release|Any CPU
		{2B42A79A-3E4B-CF7F-7512-52E553CDD49B}.Release|Any CPU.Build.0 = Release|Any CPU
		{D16EE1D7-4DE6-400A-BE13-9502B4D15621}.Debug|Any CPU.ActiveCfg = Debug|Any CPU
		{D16EE1D7-4DE6-400A-BE13-9502B4D15621}.Debug|Any CPU.Build.0 = Debug|Any CPU
		{D16EE1D7-4DE6-400A-BE13-9502B4D15621}.Release|Any CPU.ActiveCfg = Release|Any CPU
		{D16EE1D7-4DE6-400A-BE13-9502B4D15621}.Release|Any CPU.Build.0 = Release|Any CPU
		{2151FA2D-AE1C-C741-C3F6-F2A7C69231A5}.Debug|Any CPU.ActiveCfg = Debug|Any CPU
		{2151FA2D-AE1C-C741-C3F6-F2A7C69231A5}.Debug|Any CPU.Build.0 = Debug|Any CPU
		{2151FA2D-AE1C-C741-C3F6-F2A7C69231A5}.Release|Any CPU.ActiveCfg = Release|Any CPU
		{2151FA2D-AE1C-C741-C3F6-F2A7C69231A5}.Release|Any CPU.Build.0 = Release|Any CPU
	EndGlobalSection
	GlobalSection(SolutionProperties) = preSolution
		HideSolutionNode = FALSE
	EndGlobalSection
EndGlobal
